
Microsoft Visual Studio Solution File, Format Version 12.00
# Visual Studio Version 17
VisualStudioVersion = 17.4.33403.182
MinimumVisualStudioVersion = 10.0.40219.1
Project("{FAE04EC0-301F-11D3-BF4B-00C04F79EFBC}") = "ferella.luca.4i.Wpf", "ferella.luca.4i.Wpf\ferella.luca.4i.Wpf.csproj", "{C3F4C8A4-F53D-4AA3-9D2C-787A01069525}"
EndProject
Global
	GlobalSection(SolutionConfigurationPlatforms) = preSolution
		Debug|Any CPU = Debug|Any CPU
		Release|Any CPU = Release|Any CPU
	EndGlobalSection
	GlobalSection(ProjectConfigurationPlatforms) = postSolution
		{C3F4C8A4-F53D-4AA3-9D2C-787A01069525}.Debug|Any CPU.ActiveCfg = Debug|Any CPU
		{C3F4C8A4-F53D-4AA3-9D2C-787A01069525}.Debug|Any CPU.Build.0 = Debug|Any CPU
		{C3F4C8A4-F53D-4AA3-9D2C-787A01069525}.Release|Any CPU.ActiveCfg = Release|Any CPU
		{C3F4C8A4-F53D-4AA3-9D2C-787A01069525}.Release|Any CPU.Build.0 = Release|Any CPU
	EndGlobalSection
	GlobalSection(SolutionProperties) = preSolution
		HideSolutionNode = FALSE
	EndGlobalSection
	GlobalSection(ExtensibilityGlobals) = postSolution
		SolutionGuid = {3452D601-2431-4B2F-B65A-92ED6356292D}
	EndGlobalSection
EndGlobal
